
Microsoft Visual Studio Solution File, Format Version 12.00
# Visual Studio Version 17
VisualStudioVersion = 17.4.33122.133
MinimumVisualStudioVersion = 10.0.40219.1
Project("{FAE04EC0-301F-11D3-BF4B-00C04F79EFBC}") = "ProjetoAlex", "ProjetoAlex\ProjetoAlex.csproj", "{138576E7-ACC0-4F62-8ED0-7B24BD81F536}"
EndProject
Global
	GlobalSection(SolutionConfigurationPlatforms) = preSolution
		Debug|Any CPU = Debug|Any CPU
		Release|Any CPU = Release|Any CPU
	EndGlobalSection
	GlobalSection(ProjectConfigurationPlatforms) = postSolution
		{138576E7-ACC0-4F62-8ED0-7B24BD81F536}.Debug|Any CPU.ActiveCfg = Debug|Any CPU
		{138576E7-ACC0-4F62-8ED0-7B24BD81F536}.Debug|Any CPU.Build.0 = Debug|Any CPU
		{138576E7-ACC0-4F62-8ED0-7B24BD81F536}.Release|Any CPU.ActiveCfg = Release|Any CPU
		{138576E7-ACC0-4F62-8ED0-7B24BD81F536}.Release|Any CPU.Build.0 = Release|Any CPU
	EndGlobalSection
	GlobalSection(SolutionProperties) = preSolution
		HideSolutionNode = FALSE
	EndGlobalSection
	GlobalSection(ExtensibilityGlobals) = postSolution
		SolutionGuid = {CE60FF9A-B7ED-4297-88DB-D81A5EB312DE}
	EndGlobalSection
EndGlobal
